***REMOVED*** !$*UTF8*$!
***REMOVED***
	archiveVersion = 1;
	classes = ***REMOVED***
	***REMOVED***;
	objectVersion = 46;
	objects = ***REMOVED***

/* Begin PBXBuildFile section */
		643B4DAF1E2CB2C300951303 /* main.m in Sources */ = ***REMOVED***isa = PBXBuildFile; fileRef = 643B4DAD1E2CB2C300951303 /* main.m */; ***REMOVED***;
		643B4DC31E2CB2F100951303 /* AppDelegate.m in Sources */ = ***REMOVED***isa = PBXBuildFile; fileRef = 643B4DB91E2CB2F100951303 /* AppDelegate.m */; ***REMOVED***;
		644111E71E2D33E000C3ED18 /* MapKit.framework in Frameworks */ = ***REMOVED***isa = PBXBuildFile; fileRef = 644111E61E2D33E000C3ED18 /* MapKit.framework */; ***REMOVED***;
		6441120C1E2D345600C3ED18 /* BVTAboutTableViewController.m in Sources */ = ***REMOVED***isa = PBXBuildFile; fileRef = 644111E91E2D345600C3ED18 /* BVTAboutTableViewController.m */; ***REMOVED***;
		6441120D1E2D345600C3ED18 /* BVTCategoryTableViewController.m in Sources */ = ***REMOVED***isa = PBXBuildFile; fileRef = 644111EB1E2D345600C3ED18 /* BVTCategoryTableViewController.m */; ***REMOVED***;
		6441120E1E2D345600C3ED18 /* BVTDetailTableViewController.m in Sources */ = ***REMOVED***isa = PBXBuildFile; fileRef = 644111ED1E2D345600C3ED18 /* BVTDetailTableViewController.m */; ***REMOVED***;
		6441120F1E2D345600C3ED18 /* BVTExploreCollectionViewCell.m in Sources */ = ***REMOVED***isa = PBXBuildFile; fileRef = 644111EF1E2D345600C3ED18 /* BVTExploreCollectionViewCell.m */; ***REMOVED***;
		644112101E2D345600C3ED18 /* BVTExploreViewController.m in Sources */ = ***REMOVED***isa = PBXBuildFile; fileRef = 644111F11E2D345600C3ED18 /* BVTExploreViewController.m */; ***REMOVED***;
		644112111E2D345600C3ED18 /* BVTHeaderTitleView.m in Sources */ = ***REMOVED***isa = PBXBuildFile; fileRef = 644111F31E2D345600C3ED18 /* BVTHeaderTitleView.m */; ***REMOVED***;
		644112121E2D345600C3ED18 /* BVTSplitTableViewCell.m in Sources */ = ***REMOVED***isa = PBXBuildFile; fileRef = 644111F51E2D345600C3ED18 /* BVTSplitTableViewCell.m */; ***REMOVED***;
		644112131E2D345600C3ED18 /* BVTStyles.m in Sources */ = ***REMOVED***isa = PBXBuildFile; fileRef = 644111F71E2D345600C3ED18 /* BVTStyles.m */; ***REMOVED***;
		644112141E2D345600C3ED18 /* BVTSubCategoryTableViewController.m in Sources */ = ***REMOVED***isa = PBXBuildFile; fileRef = 644111F91E2D345600C3ED18 /* BVTSubCategoryTableViewController.m */; ***REMOVED***;
		644112151E2D345600C3ED18 /* BVTSurpriseTableViewController.m in Sources */ = ***REMOVED***isa = PBXBuildFile; fileRef = 644111FB1E2D345600C3ED18 /* BVTSurpriseTableViewController.m */; ***REMOVED***;
		644112161E2D345600C3ED18 /* BVTThumbNailTableViewCell.m in Sources */ = ***REMOVED***isa = PBXBuildFile; fileRef = 644111FD1E2D345600C3ED18 /* BVTThumbNailTableViewCell.m */; ***REMOVED***;
		644112171E2D345600C3ED18 /* BVTYelpAddressTableViewCell.m in Sources */ = ***REMOVED***isa = PBXBuildFile; fileRef = 644111FF1E2D345600C3ED18 /* BVTYelpAddressTableViewCell.m */; ***REMOVED***;
		644112181E2D345600C3ED18 /* BVTYelpPhoneTableViewCell.m in Sources */ = ***REMOVED***isa = PBXBuildFile; fileRef = 644112011E2D345600C3ED18 /* BVTYelpPhoneTableViewCell.m */; ***REMOVED***;
		644112191E2D345600C3ED18 /* BVTYelpMapTableViewCell.m in Sources */ = ***REMOVED***isa = PBXBuildFile; fileRef = 644112031E2D345600C3ED18 /* BVTYelpMapTableViewCell.m */; ***REMOVED***;
		6441121B1E2D345600C3ED18 /* BVTYelpRatingTableViewCell.m in Sources */ = ***REMOVED***isa = PBXBuildFile; fileRef = 644112071E2D345600C3ED18 /* BVTYelpRatingTableViewCell.m */; ***REMOVED***;
		6441121C1E2D345600C3ED18 /* BVTPageContentViewController.m in Sources */ = ***REMOVED***isa = PBXBuildFile; fileRef = 644112091E2D345600C3ED18 /* BVTPageContentViewController.m */; ***REMOVED***;
		6441121D1E2D345600C3ED18 /* BVTPageRootViewController.m in Sources */ = ***REMOVED***isa = PBXBuildFile; fileRef = 6441120B1E2D345600C3ED18 /* BVTPageRootViewController.m */; ***REMOVED***;
		64908A7C1E494E6100BC6884 /* BVTYelpCategoryTableViewCell.m in Sources */ = ***REMOVED***isa = PBXBuildFile; fileRef = 64908A7A1E494E6100BC6884 /* BVTYelpCategoryTableViewCell.m */; ***REMOVED***;
		64934CA51E306AC500386B5B /* Assets.xcassets in Resources */ = ***REMOVED***isa = PBXBuildFile; fileRef = 64934CA41E306AC500386B5B /* Assets.xcassets */; ***REMOVED***;
		64934CAA1E306AD900386B5B /* LaunchScreen.storyboard in Resources */ = ***REMOVED***isa = PBXBuildFile; fileRef = 64934CA61E306AD900386B5B /* LaunchScreen.storyboard */; ***REMOVED***;
		64934CAB1E306AD900386B5B /* Main.storyboard in Resources */ = ***REMOVED***isa = PBXBuildFile; fileRef = 64934CA81E306AD900386B5B /* Main.storyboard */; ***REMOVED***;
		64934CB21E306B7000386B5B /* BVTExploreCollectionViewCell.xib in Resources */ = ***REMOVED***isa = PBXBuildFile; fileRef = 64934CB11E306B7000386B5B /* BVTExploreCollectionViewCell.xib */; ***REMOVED***;
		64934CB81E306BA100386B5B /* BVTSplitTableViewCell.xib in Resources */ = ***REMOVED***isa = PBXBuildFile; fileRef = 64934CB71E306BA100386B5B /* BVTSplitTableViewCell.xib */; ***REMOVED***;
		64934CBA1E306BA800386B5B /* BVTThumbNailTableViewCell.xib in Resources */ = ***REMOVED***isa = PBXBuildFile; fileRef = 64934CB91E306BA800386B5B /* BVTThumbNailTableViewCell.xib */; ***REMOVED***;
		64934CBC1E306BB500386B5B /* BVTYelpAddressTableViewCell.xib in Resources */ = ***REMOVED***isa = PBXBuildFile; fileRef = 64934CBB1E306BB500386B5B /* BVTYelpAddressTableViewCell.xib */; ***REMOVED***;
		64934CBE1E306BC700386B5B /* BVTYelpPhoneTableViewCell.xib in Resources */ = ***REMOVED***isa = PBXBuildFile; fileRef = 64934CBD1E306BC700386B5B /* BVTYelpPhoneTableViewCell.xib */; ***REMOVED***;
		64934CC01E306BCE00386B5B /* BVTYelpMapTableViewCell.xib in Resources */ = ***REMOVED***isa = PBXBuildFile; fileRef = 64934CBF1E306BCE00386B5B /* BVTYelpMapTableViewCell.xib */; ***REMOVED***;
		64934CC21E306BD300386B5B /* BVTYelpRatingTableViewCell.xib in Resources */ = ***REMOVED***isa = PBXBuildFile; fileRef = 64934CC11E306BD300386B5B /* BVTYelpRatingTableViewCell.xib */; ***REMOVED***;
		64934CC41E306C1E00386B5B /* BVTHeaderTitleView.xib in Resources */ = ***REMOVED***isa = PBXBuildFile; fileRef = 64934CC31E306C1E00386B5B /* BVTHeaderTitleView.xib */; ***REMOVED***;
		64E905EE1E49704000331C3F /* BVTYelpHoursTableViewCell.m in Sources */ = ***REMOVED***isa = PBXBuildFile; fileRef = 64E905EC1E49704000331C3F /* BVTYelpHoursTableViewCell.m */; ***REMOVED***;
		64E905EF1E49704000331C3F /* BVTYelpHoursTableViewCell.xib in Resources */ = ***REMOVED***isa = PBXBuildFile; fileRef = 64E905ED1E49704000331C3F /* BVTYelpHoursTableViewCell.xib */; ***REMOVED***;
		64E905F31E4970BC00331C3F /* BVTYelpCategoryTableViewCell.xib in Resources */ = ***REMOVED***isa = PBXBuildFile; fileRef = 64E905F21E4970BC00331C3F /* BVTYelpCategoryTableViewCell.xib */; ***REMOVED***;
		CF386C2C86B09043D41680B2 /* libPods-bvt.a in Frameworks */ = ***REMOVED***isa = PBXBuildFile; fileRef = 590D4A53A998579B76DD8514 /* libPods-bvt.a */; ***REMOVED***;
/* End PBXBuildFile section */

/* Begin PBXCopyFilesBuildPhase section */
		640178FE1E2C4B9B00BBA8D2 /* Embed Frameworks */ = ***REMOVED***
			isa = PBXCopyFilesBuildPhase;
			buildActionMask = 2147483647;
			dstPath = "";
			dstSubfolderSpec = 10;
			files = (
			);
			name = "Embed Frameworks";
			runOnlyForDeploymentPostprocessing = 0;
		***REMOVED***;
/* End PBXCopyFilesBuildPhase section */

/* Begin PBXFileReference section */
		590D4A53A998579B76DD8514 /* libPods-bvt.a */ = ***REMOVED***isa = PBXFileReference; explicitFileType = archive.ar; includeInIndex = 0; path = "libPods-bvt.a"; sourceTree = BUILT_PRODUCTS_DIR; ***REMOVED***;
		640178FF1E2C4BAF00BBA8D2 /* libYelpAPI.a */ = ***REMOVED***isa = PBXFileReference; lastKnownFileType = archive.ar; name = libYelpAPI.a; path = "../../Library/Developer/Xcode/DerivedData/bvt-hjftkdqploieouekjahtdglmzgkr/Build/Products/Debug-iphonesimulator/YelpAPI/libYelpAPI.a"; sourceTree = "<group>"; ***REMOVED***;
		640179011E2C4BB900BBA8D2 /* YelpAPI.framework */ = ***REMOVED***isa = PBXFileReference; lastKnownFileType = wrapper.framework; name = YelpAPI.framework; path = System/Library/Frameworks/YelpAPI.framework; sourceTree = SDKROOT; ***REMOVED***;
		643B4DAC1E2CB2C300951303 /* Info.plist */ = ***REMOVED***isa = PBXFileReference; fileEncoding = 4; lastKnownFileType = text.plist.xml; path = Info.plist; sourceTree = SOURCE_ROOT; ***REMOVED***;
		643B4DAD1E2CB2C300951303 /* main.m */ = ***REMOVED***isa = PBXFileReference; fileEncoding = 4; lastKnownFileType = sourcecode.c.objc; path = main.m; sourceTree = SOURCE_ROOT; ***REMOVED***;
		643B4DB81E2CB2F100951303 /* AppDelegate.h */ = ***REMOVED***isa = PBXFileReference; fileEncoding = 4; lastKnownFileType = sourcecode.c.h; name = AppDelegate.h; path = Classes/AppDelegate.h; sourceTree = SOURCE_ROOT; ***REMOVED***;
		643B4DB91E2CB2F100951303 /* AppDelegate.m */ = ***REMOVED***isa = PBXFileReference; fileEncoding = 4; lastKnownFileType = sourcecode.c.objc; name = AppDelegate.m; path = Classes/AppDelegate.m; sourceTree = SOURCE_ROOT; ***REMOVED***;
		644111E61E2D33E000C3ED18 /* MapKit.framework */ = ***REMOVED***isa = PBXFileReference; lastKnownFileType = wrapper.framework; name = MapKit.framework; path = System/Library/Frameworks/MapKit.framework; sourceTree = SDKROOT; ***REMOVED***;
		644111E81E2D345600C3ED18 /* BVTAboutTableViewController.h */ = ***REMOVED***isa = PBXFileReference; fileEncoding = 4; lastKnownFileType = sourcecode.c.h; name = BVTAboutTableViewController.h; path = Classes/BVTAboutTableViewController.h; sourceTree = SOURCE_ROOT; ***REMOVED***;
		644111E91E2D345600C3ED18 /* BVTAboutTableViewController.m */ = ***REMOVED***isa = PBXFileReference; fileEncoding = 4; lastKnownFileType = sourcecode.c.objc; name = BVTAboutTableViewController.m; path = Classes/BVTAboutTableViewController.m; sourceTree = SOURCE_ROOT; ***REMOVED***;
		644111EA1E2D345600C3ED18 /* BVTCategoryTableViewController.h */ = ***REMOVED***isa = PBXFileReference; fileEncoding = 4; lastKnownFileType = sourcecode.c.h; name = BVTCategoryTableViewController.h; path = Classes/BVTCategoryTableViewController.h; sourceTree = SOURCE_ROOT; ***REMOVED***;
		644111EB1E2D345600C3ED18 /* BVTCategoryTableViewController.m */ = ***REMOVED***isa = PBXFileReference; fileEncoding = 4; lastKnownFileType = sourcecode.c.objc; name = BVTCategoryTableViewController.m; path = Classes/BVTCategoryTableViewController.m; sourceTree = SOURCE_ROOT; ***REMOVED***;
		644111EC1E2D345600C3ED18 /* BVTDetailTableViewController.h */ = ***REMOVED***isa = PBXFileReference; fileEncoding = 4; lastKnownFileType = sourcecode.c.h; name = BVTDetailTableViewController.h; path = Classes/BVTDetailTableViewController.h; sourceTree = SOURCE_ROOT; ***REMOVED***;
		644111ED1E2D345600C3ED18 /* BVTDetailTableViewController.m */ = ***REMOVED***isa = PBXFileReference; fileEncoding = 4; lastKnownFileType = sourcecode.c.objc; name = BVTDetailTableViewController.m; path = Classes/BVTDetailTableViewController.m; sourceTree = SOURCE_ROOT; ***REMOVED***;
		644111EE1E2D345600C3ED18 /* BVTExploreCollectionViewCell.h */ = ***REMOVED***isa = PBXFileReference; fileEncoding = 4; lastKnownFileType = sourcecode.c.h; name = BVTExploreCollectionViewCell.h; path = Classes/BVTExploreCollectionViewCell.h; sourceTree = SOURCE_ROOT; ***REMOVED***;
		644111EF1E2D345600C3ED18 /* BVTExploreCollectionViewCell.m */ = ***REMOVED***isa = PBXFileReference; fileEncoding = 4; lastKnownFileType = sourcecode.c.objc; name = BVTExploreCollectionViewCell.m; path = Classes/BVTExploreCollectionViewCell.m; sourceTree = SOURCE_ROOT; ***REMOVED***;
		644111F01E2D345600C3ED18 /* BVTExploreViewController.h */ = ***REMOVED***isa = PBXFileReference; fileEncoding = 4; lastKnownFileType = sourcecode.c.h; name = BVTExploreViewController.h; path = Classes/BVTExploreViewController.h; sourceTree = SOURCE_ROOT; ***REMOVED***;
		644111F11E2D345600C3ED18 /* BVTExploreViewController.m */ = ***REMOVED***isa = PBXFileReference; fileEncoding = 4; lastKnownFileType = sourcecode.c.objc; name = BVTExploreViewController.m; path = Classes/BVTExploreViewController.m; sourceTree = SOURCE_ROOT; ***REMOVED***;
		644111F21E2D345600C3ED18 /* BVTHeaderTitleView.h */ = ***REMOVED***isa = PBXFileReference; fileEncoding = 4; lastKnownFileType = sourcecode.c.h; name = BVTHeaderTitleView.h; path = Classes/BVTHeaderTitleView.h; sourceTree = SOURCE_ROOT; ***REMOVED***;
		644111F31E2D345600C3ED18 /* BVTHeaderTitleView.m */ = ***REMOVED***isa = PBXFileReference; fileEncoding = 4; lastKnownFileType = sourcecode.c.objc; name = BVTHeaderTitleView.m; path = Classes/BVTHeaderTitleView.m; sourceTree = SOURCE_ROOT; ***REMOVED***;
		644111F41E2D345600C3ED18 /* BVTSplitTableViewCell.h */ = ***REMOVED***isa = PBXFileReference; fileEncoding = 4; lastKnownFileType = sourcecode.c.h; name = BVTSplitTableViewCell.h; path = Classes/BVTSplitTableViewCell.h; sourceTree = SOURCE_ROOT; ***REMOVED***;
		644111F51E2D345600C3ED18 /* BVTSplitTableViewCell.m */ = ***REMOVED***isa = PBXFileReference; fileEncoding = 4; lastKnownFileType = sourcecode.c.objc; name = BVTSplitTableViewCell.m; path = Classes/BVTSplitTableViewCell.m; sourceTree = SOURCE_ROOT; ***REMOVED***;
		644111F61E2D345600C3ED18 /* BVTStyles.h */ = ***REMOVED***isa = PBXFileReference; fileEncoding = 4; lastKnownFileType = sourcecode.c.h; name = BVTStyles.h; path = Classes/BVTStyles.h; sourceTree = SOURCE_ROOT; ***REMOVED***;
		644111F71E2D345600C3ED18 /* BVTStyles.m */ = ***REMOVED***isa = PBXFileReference; fileEncoding = 4; lastKnownFileType = sourcecode.c.objc; name = BVTStyles.m; path = Classes/BVTStyles.m; sourceTree = SOURCE_ROOT; ***REMOVED***;
		644111F81E2D345600C3ED18 /* BVTSubCategoryTableViewController.h */ = ***REMOVED***isa = PBXFileReference; fileEncoding = 4; lastKnownFileType = sourcecode.c.h; name = BVTSubCategoryTableViewController.h; path = Classes/BVTSubCategoryTableViewController.h; sourceTree = SOURCE_ROOT; ***REMOVED***;
		644111F91E2D345600C3ED18 /* BVTSubCategoryTableViewController.m */ = ***REMOVED***isa = PBXFileReference; fileEncoding = 4; lastKnownFileType = sourcecode.c.objc; name = BVTSubCategoryTableViewController.m; path = Classes/BVTSubCategoryTableViewController.m; sourceTree = SOURCE_ROOT; ***REMOVED***;
		644111FA1E2D345600C3ED18 /* BVTSurpriseTableViewController.h */ = ***REMOVED***isa = PBXFileReference; fileEncoding = 4; lastKnownFileType = sourcecode.c.h; name = BVTSurpriseTableViewController.h; path = Classes/BVTSurpriseTableViewController.h; sourceTree = SOURCE_ROOT; ***REMOVED***;
		644111FB1E2D345600C3ED18 /* BVTSurpriseTableViewController.m */ = ***REMOVED***isa = PBXFileReference; fileEncoding = 4; lastKnownFileType = sourcecode.c.objc; name = BVTSurpriseTableViewController.m; path = Classes/BVTSurpriseTableViewController.m; sourceTree = SOURCE_ROOT; ***REMOVED***;
		644111FD1E2D345600C3ED18 /* BVTThumbNailTableViewCell.m */ = ***REMOVED***isa = PBXFileReference; fileEncoding = 4; lastKnownFileType = sourcecode.c.objc; name = BVTThumbNailTableViewCell.m; path = Classes/BVTThumbNailTableViewCell.m; sourceTree = SOURCE_ROOT; ***REMOVED***;
		644111FE1E2D345600C3ED18 /* BVTYelpAddressTableViewCell.h */ = ***REMOVED***isa = PBXFileReference; fileEncoding = 4; lastKnownFileType = sourcecode.c.h; name = BVTYelpAddressTableViewCell.h; path = Classes/BVTYelpAddressTableViewCell.h; sourceTree = SOURCE_ROOT; ***REMOVED***;
		644111FF1E2D345600C3ED18 /* BVTYelpAddressTableViewCell.m */ = ***REMOVED***isa = PBXFileReference; fileEncoding = 4; lastKnownFileType = sourcecode.c.objc; name = BVTYelpAddressTableViewCell.m; path = Classes/BVTYelpAddressTableViewCell.m; sourceTree = SOURCE_ROOT; ***REMOVED***;
		644112001E2D345600C3ED18 /* BVTYelpPhoneTableViewCell.h */ = ***REMOVED***isa = PBXFileReference; fileEncoding = 4; lastKnownFileType = sourcecode.c.h; name = BVTYelpPhoneTableViewCell.h; path = Classes/BVTYelpPhoneTableViewCell.h; sourceTree = SOURCE_ROOT; ***REMOVED***;
		644112011E2D345600C3ED18 /* BVTYelpPhoneTableViewCell.m */ = ***REMOVED***isa = PBXFileReference; fileEncoding = 4; lastKnownFileType = sourcecode.c.objc; name = BVTYelpPhoneTableViewCell.m; path = Classes/BVTYelpPhoneTableViewCell.m; sourceTree = SOURCE_ROOT; ***REMOVED***;
		644112021E2D345600C3ED18 /* BVTYelpMapTableViewCell.h */ = ***REMOVED***isa = PBXFileReference; fileEncoding = 4; lastKnownFileType = sourcecode.c.h; name = BVTYelpMapTableViewCell.h; path = Classes/BVTYelpMapTableViewCell.h; sourceTree = SOURCE_ROOT; ***REMOVED***;
		644112031E2D345600C3ED18 /* BVTYelpMapTableViewCell.m */ = ***REMOVED***isa = PBXFileReference; fileEncoding = 4; lastKnownFileType = sourcecode.c.objc; name = BVTYelpMapTableViewCell.m; path = Classes/BVTYelpMapTableViewCell.m; sourceTree = SOURCE_ROOT; ***REMOVED***;
		644112061E2D345600C3ED18 /* BVTYelpRatingTableViewCell.h */ = ***REMOVED***isa = PBXFileReference; fileEncoding = 4; lastKnownFileType = sourcecode.c.h; name = BVTYelpRatingTableViewCell.h; path = Classes/BVTYelpRatingTableViewCell.h; sourceTree = SOURCE_ROOT; ***REMOVED***;
		644112071E2D345600C3ED18 /* BVTYelpRatingTableViewCell.m */ = ***REMOVED***isa = PBXFileReference; fileEncoding = 4; lastKnownFileType = sourcecode.c.objc; name = BVTYelpRatingTableViewCell.m; path = Classes/BVTYelpRatingTableViewCell.m; sourceTree = SOURCE_ROOT; ***REMOVED***;
		644112081E2D345600C3ED18 /* BVTPageContentViewController.h */ = ***REMOVED***isa = PBXFileReference; fileEncoding = 4; lastKnownFileType = sourcecode.c.h; name = BVTPageContentViewController.h; path = Classes/BVTPageContentViewController.h; sourceTree = SOURCE_ROOT; ***REMOVED***;
		644112091E2D345600C3ED18 /* BVTPageContentViewController.m */ = ***REMOVED***isa = PBXFileReference; fileEncoding = 4; lastKnownFileType = sourcecode.c.objc; name = BVTPageContentViewController.m; path = Classes/BVTPageContentViewController.m; sourceTree = SOURCE_ROOT; ***REMOVED***;
		6441120A1E2D345600C3ED18 /* BVTPageRootViewController.h */ = ***REMOVED***isa = PBXFileReference; fileEncoding = 4; lastKnownFileType = sourcecode.c.h; name = BVTPageRootViewController.h; path = Classes/BVTPageRootViewController.h; sourceTree = SOURCE_ROOT; ***REMOVED***;
		6441120B1E2D345600C3ED18 /* BVTPageRootViewController.m */ = ***REMOVED***isa = PBXFileReference; fileEncoding = 4; lastKnownFileType = sourcecode.c.objc; name = BVTPageRootViewController.m; path = Classes/BVTPageRootViewController.m; sourceTree = SOURCE_ROOT; ***REMOVED***;
		64908A731E494E2E00BC6884 /* BVTThumbNailTableViewCell.h */ = ***REMOVED***isa = PBXFileReference; lastKnownFileType = sourcecode.c.h; name = BVTThumbNailTableViewCell.h; path = Classes/BVTThumbNailTableViewCell.h; sourceTree = SOURCE_ROOT; ***REMOVED***;
		64908A791E494E6100BC6884 /* BVTYelpCategoryTableViewCell.h */ = ***REMOVED***isa = PBXFileReference; fileEncoding = 4; lastKnownFileType = sourcecode.c.h; name = BVTYelpCategoryTableViewCell.h; path = Classes/BVTYelpCategoryTableViewCell.h; sourceTree = SOURCE_ROOT; ***REMOVED***;
		64908A7A1E494E6100BC6884 /* BVTYelpCategoryTableViewCell.m */ = ***REMOVED***isa = PBXFileReference; fileEncoding = 4; lastKnownFileType = sourcecode.c.objc; name = BVTYelpCategoryTableViewCell.m; path = Classes/BVTYelpCategoryTableViewCell.m; sourceTree = SOURCE_ROOT; ***REMOVED***;
		64934CA41E306AC500386B5B /* Assets.xcassets */ = ***REMOVED***isa = PBXFileReference; lastKnownFileType = folder.assetcatalog; name = Assets.xcassets; path = Classes/Assets.xcassets; sourceTree = "<group>"; ***REMOVED***;
		64934CA71E306AD900386B5B /* Base */ = ***REMOVED***isa = PBXFileReference; lastKnownFileType = file.storyboard; name = Base; path = Classes/Base.lproj/LaunchScreen.storyboard; sourceTree = "<group>"; ***REMOVED***;
		64934CA91E306AD900386B5B /* Base */ = ***REMOVED***isa = PBXFileReference; lastKnownFileType = file.storyboard; name = Base; path = Classes/Base.lproj/Main.storyboard; sourceTree = "<group>"; ***REMOVED***;
		64934CB11E306B7000386B5B /* BVTExploreCollectionViewCell.xib */ = ***REMOVED***isa = PBXFileReference; fileEncoding = 4; lastKnownFileType = file.xib; name = BVTExploreCollectionViewCell.xib; path = Classes/BVTExploreCollectionViewCell.xib; sourceTree = "<group>"; ***REMOVED***;
		64934CB71E306BA100386B5B /* BVTSplitTableViewCell.xib */ = ***REMOVED***isa = PBXFileReference; fileEncoding = 4; lastKnownFileType = file.xib; name = BVTSplitTableViewCell.xib; path = Classes/BVTSplitTableViewCell.xib; sourceTree = "<group>"; ***REMOVED***;
		64934CB91E306BA800386B5B /* BVTThumbNailTableViewCell.xib */ = ***REMOVED***isa = PBXFileReference; fileEncoding = 4; lastKnownFileType = file.xib; name = BVTThumbNailTableViewCell.xib; path = Classes/BVTThumbNailTableViewCell.xib; sourceTree = "<group>"; ***REMOVED***;
		64934CBB1E306BB500386B5B /* BVTYelpAddressTableViewCell.xib */ = ***REMOVED***isa = PBXFileReference; fileEncoding = 4; lastKnownFileType = file.xib; name = BVTYelpAddressTableViewCell.xib; path = Classes/BVTYelpAddressTableViewCell.xib; sourceTree = "<group>"; ***REMOVED***;
		64934CBD1E306BC700386B5B /* BVTYelpPhoneTableViewCell.xib */ = ***REMOVED***isa = PBXFileReference; fileEncoding = 4; lastKnownFileType = file.xib; name = BVTYelpPhoneTableViewCell.xib; path = Classes/BVTYelpPhoneTableViewCell.xib; sourceTree = "<group>"; ***REMOVED***;
		64934CBF1E306BCE00386B5B /* BVTYelpMapTableViewCell.xib */ = ***REMOVED***isa = PBXFileReference; fileEncoding = 4; lastKnownFileType = file.xib; name = BVTYelpMapTableViewCell.xib; path = Classes/BVTYelpMapTableViewCell.xib; sourceTree = "<group>"; ***REMOVED***;
		64934CC11E306BD300386B5B /* BVTYelpRatingTableViewCell.xib */ = ***REMOVED***isa = PBXFileReference; fileEncoding = 4; lastKnownFileType = file.xib; name = BVTYelpRatingTableViewCell.xib; path = Classes/BVTYelpRatingTableViewCell.xib; sourceTree = "<group>"; ***REMOVED***;
		64934CC31E306C1E00386B5B /* BVTHeaderTitleView.xib */ = ***REMOVED***isa = PBXFileReference; lastKnownFileType = file.xib; name = BVTHeaderTitleView.xib; path = Classes/BVTHeaderTitleView.xib; sourceTree = "<group>"; ***REMOVED***;
		64E905EB1E49704000331C3F /* BVTYelpHoursTableViewCell.h */ = ***REMOVED***isa = PBXFileReference; fileEncoding = 4; lastKnownFileType = sourcecode.c.h; name = BVTYelpHoursTableViewCell.h; path = Classes/BVTYelpHoursTableViewCell.h; sourceTree = SOURCE_ROOT; ***REMOVED***;
		64E905EC1E49704000331C3F /* BVTYelpHoursTableViewCell.m */ = ***REMOVED***isa = PBXFileReference; fileEncoding = 4; lastKnownFileType = sourcecode.c.objc; name = BVTYelpHoursTableViewCell.m; path = Classes/BVTYelpHoursTableViewCell.m; sourceTree = SOURCE_ROOT; ***REMOVED***;
		64E905ED1E49704000331C3F /* BVTYelpHoursTableViewCell.xib */ = ***REMOVED***isa = PBXFileReference; fileEncoding = 4; lastKnownFileType = file.xib; name = BVTYelpHoursTableViewCell.xib; path = Classes/BVTYelpHoursTableViewCell.xib; sourceTree = "<group>"; ***REMOVED***;
		64E905F21E4970BC00331C3F /* BVTYelpCategoryTableViewCell.xib */ = ***REMOVED***isa = PBXFileReference; fileEncoding = 4; lastKnownFileType = file.xib; name = BVTYelpCategoryTableViewCell.xib; path = Classes/BVTYelpCategoryTableViewCell.xib; sourceTree = "<group>"; ***REMOVED***;
		64F41D5F1E2C497F0053EBE2 /* Burlingtonian.app */ = ***REMOVED***isa = PBXFileReference; explicitFileType = wrapper.application; includeInIndex = 0; path = Burlingtonian.app; sourceTree = BUILT_PRODUCTS_DIR; ***REMOVED***;
		812CD2D8F0E4D852D7328DA4 /* Pods-bvt.debug.xcconfig */ = ***REMOVED***isa = PBXFileReference; includeInIndex = 1; lastKnownFileType = text.xcconfig; name = "Pods-bvt.debug.xcconfig"; path = "Pods/Target Support Files/Pods-bvt/Pods-bvt.debug.xcconfig"; sourceTree = "<group>"; ***REMOVED***;
		A13E28BFC52912BF5475C256 /* Pods-bvt.release.xcconfig */ = ***REMOVED***isa = PBXFileReference; includeInIndex = 1; lastKnownFileType = text.xcconfig; name = "Pods-bvt.release.xcconfig"; path = "Pods/Target Support Files/Pods-bvt/Pods-bvt.release.xcconfig"; sourceTree = "<group>"; ***REMOVED***;
/* End PBXFileReference section */

/* Begin PBXFrameworksBuildPhase section */
		64F41D5C1E2C497F0053EBE2 /* Frameworks */ = ***REMOVED***
			isa = PBXFrameworksBuildPhase;
			buildActionMask = 2147483647;
			files = (
				644111E71E2D33E000C3ED18 /* MapKit.framework in Frameworks */,
				CF386C2C86B09043D41680B2 /* libPods-bvt.a in Frameworks */,
			);
			runOnlyForDeploymentPostprocessing = 0;
		***REMOVED***;
/* End PBXFrameworksBuildPhase section */

/* Begin PBXGroup section */
		64934CB01E306B5D00386B5B /* Resources */ = ***REMOVED***
			isa = PBXGroup;
			children = (
				64934CA41E306AC500386B5B /* Assets.xcassets */,
				64934CA81E306AD900386B5B /* Main.storyboard */,
				64934CA61E306AD900386B5B /* LaunchScreen.storyboard */,
				64934CC31E306C1E00386B5B /* BVTHeaderTitleView.xib */,
				64E905F21E4970BC00331C3F /* BVTYelpCategoryTableViewCell.xib */,
				64E905ED1E49704000331C3F /* BVTYelpHoursTableViewCell.xib */,
				64934CB11E306B7000386B5B /* BVTExploreCollectionViewCell.xib */,
				64934CB71E306BA100386B5B /* BVTSplitTableViewCell.xib */,
				64934CB91E306BA800386B5B /* BVTThumbNailTableViewCell.xib */,
				64934CBB1E306BB500386B5B /* BVTYelpAddressTableViewCell.xib */,
				64934CBD1E306BC700386B5B /* BVTYelpPhoneTableViewCell.xib */,
				64934CBF1E306BCE00386B5B /* BVTYelpMapTableViewCell.xib */,
				64934CC11E306BD300386B5B /* BVTYelpRatingTableViewCell.xib */,
			);
			name = Resources;
			sourceTree = "<group>";
		***REMOVED***;
		64B4468D1E3049B700327C26 /* About */ = ***REMOVED***
			isa = PBXGroup;
			children = (
				644111E91E2D345600C3ED18 /* BVTAboutTableViewController.m */,
				644111E81E2D345600C3ED18 /* BVTAboutTableViewController.h */,
			);
			name = About;
			path = ..;
			sourceTree = "<group>";
		***REMOVED***;
		64B4468E1E3049BD00327C26 /* Explore */ = ***REMOVED***
			isa = PBXGroup;
			children = (
				64B446951E304C2E00327C26 /* Cell Classes */,
				64B446971E304C8400327C26 /* Controller Classes */,
			);
			name = Explore;
			path = ..;
			sourceTree = "<group>";
		***REMOVED***;
		64B4468F1E3049C500327C26 /* Surprise */ = ***REMOVED***
			isa = PBXGroup;
			children = (
				644111FA1E2D345600C3ED18 /* BVTSurpriseTableViewController.h */,
				644111FB1E2D345600C3ED18 /* BVTSurpriseTableViewController.m */,
			);
			name = Surprise;
			path = ..;
			sourceTree = "<group>";
		***REMOVED***;
		64B446951E304C2E00327C26 /* Cell Classes */ = ***REMOVED***
			isa = PBXGroup;
			children = (
				64908A731E494E2E00BC6884 /* BVTThumbNailTableViewCell.h */,
				644111FD1E2D345600C3ED18 /* BVTThumbNailTableViewCell.m */,
				64E905EB1E49704000331C3F /* BVTYelpHoursTableViewCell.h */,
				64E905EC1E49704000331C3F /* BVTYelpHoursTableViewCell.m */,
				64908A791E494E6100BC6884 /* BVTYelpCategoryTableViewCell.h */,
				64908A7A1E494E6100BC6884 /* BVTYelpCategoryTableViewCell.m */,
				644111FE1E2D345600C3ED18 /* BVTYelpAddressTableViewCell.h */,
				644111FF1E2D345600C3ED18 /* BVTYelpAddressTableViewCell.m */,
				644112001E2D345600C3ED18 /* BVTYelpPhoneTableViewCell.h */,
				644112011E2D345600C3ED18 /* BVTYelpPhoneTableViewCell.m */,
				644112021E2D345600C3ED18 /* BVTYelpMapTableViewCell.h */,
				644112031E2D345600C3ED18 /* BVTYelpMapTableViewCell.m */,
				644112061E2D345600C3ED18 /* BVTYelpRatingTableViewCell.h */,
				644112071E2D345600C3ED18 /* BVTYelpRatingTableViewCell.m */,
				644111F41E2D345600C3ED18 /* BVTSplitTableViewCell.h */,
				644111F51E2D345600C3ED18 /* BVTSplitTableViewCell.m */,
				644111EE1E2D345600C3ED18 /* BVTExploreCollectionViewCell.h */,
				644111EF1E2D345600C3ED18 /* BVTExploreCollectionViewCell.m */,
			);
			name = "Cell Classes";
			sourceTree = "<group>";
		***REMOVED***;
		64B446971E304C8400327C26 /* Controller Classes */ = ***REMOVED***
			isa = PBXGroup;
			children = (
				644111F01E2D345600C3ED18 /* BVTExploreViewController.h */,
				644111F11E2D345600C3ED18 /* BVTExploreViewController.m */,
				644111EA1E2D345600C3ED18 /* BVTCategoryTableViewController.h */,
				644111EB1E2D345600C3ED18 /* BVTCategoryTableViewController.m */,
				644111F81E2D345600C3ED18 /* BVTSubCategoryTableViewController.h */,
				644111F91E2D345600C3ED18 /* BVTSubCategoryTableViewController.m */,
				644111EC1E2D345600C3ED18 /* BVTDetailTableViewController.h */,
				644111ED1E2D345600C3ED18 /* BVTDetailTableViewController.m */,
			);
			name = "Controller Classes";
			sourceTree = "<group>";
		***REMOVED***;
		64B446981E304CB200327C26 /* Header */ = ***REMOVED***
			isa = PBXGroup;
			children = (
				644111F21E2D345600C3ED18 /* BVTHeaderTitleView.h */,
				644111F31E2D345600C3ED18 /* BVTHeaderTitleView.m */,
			);
			name = Header;
			sourceTree = "<group>";
		***REMOVED***;
		64CF50E91E2D4E39004856DB /* Tutorial */ = ***REMOVED***
			isa = PBXGroup;
			children = (
				644112081E2D345600C3ED18 /* BVTPageContentViewController.h */,
				644112091E2D345600C3ED18 /* BVTPageContentViewController.m */,
				6441120A1E2D345600C3ED18 /* BVTPageRootViewController.h */,
				6441120B1E2D345600C3ED18 /* BVTPageRootViewController.m */,
			);
			name = Tutorial;
			sourceTree = "<group>";
		***REMOVED***;
		64F41D561E2C497F0053EBE2 = ***REMOVED***
			isa = PBXGroup;
			children = (
				64F41D611E2C497F0053EBE2 /* Classes */,
				64934CB01E306B5D00386B5B /* Resources */,
				81DC3A0A017F6247E73F74F1 /* Frameworks */,
				64F41D621E2C497F0053EBE2 /* Supporting Files */,
				64F41D601E2C497F0053EBE2 /* Products */,
				D78ABA542C27A54E9B11D3A9 /* Pods */,
			);
			sourceTree = "<group>";
		***REMOVED***;
		64F41D601E2C497F0053EBE2 /* Products */ = ***REMOVED***
			isa = PBXGroup;
			children = (
				64F41D5F1E2C497F0053EBE2 /* Burlingtonian.app */,
			);
			name = Products;
			sourceTree = "<group>";
		***REMOVED***;
		64F41D611E2C497F0053EBE2 /* Classes */ = ***REMOVED***
			isa = PBXGroup;
			children = (
				644111F61E2D345600C3ED18 /* BVTStyles.h */,
				644111F71E2D345600C3ED18 /* BVTStyles.m */,
				64CF50E91E2D4E39004856DB /* Tutorial */,
				64B446981E304CB200327C26 /* Header */,
				64B4468E1E3049BD00327C26 /* Explore */,
				64B4468D1E3049B700327C26 /* About */,
				64B4468F1E3049C500327C26 /* Surprise */,
			);
			name = Classes;
			path = bvt;
			sourceTree = "<group>";
		***REMOVED***;
		64F41D621E2C497F0053EBE2 /* Supporting Files */ = ***REMOVED***
			isa = PBXGroup;
			children = (
				643B4DAC1E2CB2C300951303 /* Info.plist */,
				643B4DAD1E2CB2C300951303 /* main.m */,
				643B4DB81E2CB2F100951303 /* AppDelegate.h */,
				643B4DB91E2CB2F100951303 /* AppDelegate.m */,
			);
			name = "Supporting Files";
			path = bvt;
			sourceTree = "<group>";
		***REMOVED***;
		81DC3A0A017F6247E73F74F1 /* Frameworks */ = ***REMOVED***
			isa = PBXGroup;
			children = (
				644111E61E2D33E000C3ED18 /* MapKit.framework */,
				640179011E2C4BB900BBA8D2 /* YelpAPI.framework */,
				640178FF1E2C4BAF00BBA8D2 /* libYelpAPI.a */,
				590D4A53A998579B76DD8514 /* libPods-bvt.a */,
			);
			name = Frameworks;
			sourceTree = "<group>";
		***REMOVED***;
		D78ABA542C27A54E9B11D3A9 /* Pods */ = ***REMOVED***
			isa = PBXGroup;
			children = (
				812CD2D8F0E4D852D7328DA4 /* Pods-bvt.debug.xcconfig */,
				A13E28BFC52912BF5475C256 /* Pods-bvt.release.xcconfig */,
			);
			name = Pods;
			sourceTree = "<group>";
		***REMOVED***;
/* End PBXGroup section */

/* Begin PBXNativeTarget section */
		64F41D5E1E2C497F0053EBE2 /* bvt */ = ***REMOVED***
			isa = PBXNativeTarget;
			buildConfigurationList = 64F41D791E2C497F0053EBE2 /* Build configuration list for PBXNativeTarget "bvt" */;
			buildPhases = (
				4271AA253243E143826615D8 /* [CP] Check Pods Manifest.lock */,
				64F41D5B1E2C497F0053EBE2 /* Sources */,
				64F41D5C1E2C497F0053EBE2 /* Frameworks */,
				64F41D5D1E2C497F0053EBE2 /* Resources */,
				11E936364EB0E267D2462762 /* [CP] Embed Pods Frameworks */,
				EB32BFEBA4D806AA7EE9815D /* [CP] Copy Pods Resources */,
				640178FE1E2C4B9B00BBA8D2 /* Embed Frameworks */,
			);
			buildRules = (
			);
			dependencies = (
			);
			name = bvt;
			productName = bvt;
			productReference = 64F41D5F1E2C497F0053EBE2 /* Burlingtonian.app */;
			productType = "com.apple.product-type.application";
		***REMOVED***;
/* End PBXNativeTarget section */

/* Begin PBXProject section */
		64F41D571E2C497F0053EBE2 /* Project object */ = ***REMOVED***
			isa = PBXProject;
			attributes = ***REMOVED***
				LastUpgradeCheck = 0820;
				ORGANIZATIONNAME = gms;
				TargetAttributes = ***REMOVED***
					64F41D5E1E2C497F0053EBE2 = ***REMOVED***
						CreatedOnToolsVersion = 8.2.1;
						DevelopmentTeam = 58K3LSSQL5;
						ProvisioningStyle = Automatic;
					***REMOVED***;
				***REMOVED***;
			***REMOVED***;
			buildConfigurationList = 64F41D5A1E2C497F0053EBE2 /* Build configuration list for PBXProject "bvt" */;
			compatibilityVersion = "Xcode 3.2";
			developmentRegion = English;
			hasScannedForEncodings = 0;
			knownRegions = (
				en,
				Base,
			);
			mainGroup = 64F41D561E2C497F0053EBE2;
			productRefGroup = 64F41D601E2C497F0053EBE2 /* Products */;
			projectDirPath = "";
			projectRoot = "";
			targets = (
				64F41D5E1E2C497F0053EBE2 /* bvt */,
			);
		***REMOVED***;
/* End PBXProject section */

/* Begin PBXResourcesBuildPhase section */
		64F41D5D1E2C497F0053EBE2 /* Resources */ = ***REMOVED***
			isa = PBXResourcesBuildPhase;
			buildActionMask = 2147483647;
			files = (
				64934CAA1E306AD900386B5B /* LaunchScreen.storyboard in Resources */,
				64E905EF1E49704000331C3F /* BVTYelpHoursTableViewCell.xib in Resources */,
				64934CAB1E306AD900386B5B /* Main.storyboard in Resources */,
				64934CA51E306AC500386B5B /* Assets.xcassets in Resources */,
				64934CC41E306C1E00386B5B /* BVTHeaderTitleView.xib in Resources */,
				64934CBA1E306BA800386B5B /* BVTThumbNailTableViewCell.xib in Resources */,
				64934CB81E306BA100386B5B /* BVTSplitTableViewCell.xib in Resources */,
				64934CC21E306BD300386B5B /* BVTYelpRatingTableViewCell.xib in Resources */,
				64934CBE1E306BC700386B5B /* BVTYelpPhoneTableViewCell.xib in Resources */,
				64934CC01E306BCE00386B5B /* BVTYelpMapTableViewCell.xib in Resources */,
				64E905F31E4970BC00331C3F /* BVTYelpCategoryTableViewCell.xib in Resources */,
				64934CBC1E306BB500386B5B /* BVTYelpAddressTableViewCell.xib in Resources */,
				64934CB21E306B7000386B5B /* BVTExploreCollectionViewCell.xib in Resources */,
			);
			runOnlyForDeploymentPostprocessing = 0;
		***REMOVED***;
/* End PBXResourcesBuildPhase section */

/* Begin PBXShellScriptBuildPhase section */
		11E936364EB0E267D2462762 /* [CP] Embed Pods Frameworks */ = ***REMOVED***
			isa = PBXShellScriptBuildPhase;
			buildActionMask = 2147483647;
			files = (
			);
			inputPaths = (
			);
			name = "[CP] Embed Pods Frameworks";
			outputPaths = (
			);
			runOnlyForDeploymentPostprocessing = 0;
			shellPath = /bin/sh;
			shellScript = "\"$***REMOVED***SRCROOT***REMOVED***/Pods/Target Support Files/Pods-bvt/Pods-bvt-frameworks.sh\"\n";
			showEnvVarsInLog = 0;
		***REMOVED***;
		4271AA253243E143826615D8 /* [CP] Check Pods Manifest.lock */ = ***REMOVED***
			isa = PBXShellScriptBuildPhase;
			buildActionMask = 2147483647;
			files = (
			);
			inputPaths = (
			);
			name = "[CP] Check Pods Manifest.lock";
			outputPaths = (
			);
			runOnlyForDeploymentPostprocessing = 0;
			shellPath = /bin/sh;
			shellScript = "diff \"$***REMOVED***PODS_ROOT***REMOVED***/../Podfile.lock\" \"$***REMOVED***PODS_ROOT***REMOVED***/Manifest.lock\" > /dev/null\nif [ $? != 0 ] ; then\n    # print error to STDERR\n    echo \"error: The sandbox is not in sync with the Podfile.lock. Run 'pod install' or update your CocoaPods installation.\" >&2\n    exit 1\nfi\n";
			showEnvVarsInLog = 0;
		***REMOVED***;
		EB32BFEBA4D806AA7EE9815D /* [CP] Copy Pods Resources */ = ***REMOVED***
			isa = PBXShellScriptBuildPhase;
			buildActionMask = 2147483647;
			files = (
			);
			inputPaths = (
			);
			name = "[CP] Copy Pods Resources";
			outputPaths = (
			);
			runOnlyForDeploymentPostprocessing = 0;
			shellPath = /bin/sh;
			shellScript = "\"$***REMOVED***SRCROOT***REMOVED***/Pods/Target Support Files/Pods-bvt/Pods-bvt-resources.sh\"\n";
			showEnvVarsInLog = 0;
		***REMOVED***;
/* End PBXShellScriptBuildPhase section */

/* Begin PBXSourcesBuildPhase section */
		64F41D5B1E2C497F0053EBE2 /* Sources */ = ***REMOVED***
			isa = PBXSourcesBuildPhase;
			buildActionMask = 2147483647;
			files = (
				6441120D1E2D345600C3ED18 /* BVTCategoryTableViewController.m in Sources */,
				6441121C1E2D345600C3ED18 /* BVTPageContentViewController.m in Sources */,
				644112111E2D345600C3ED18 /* BVTHeaderTitleView.m in Sources */,
				644112181E2D345600C3ED18 /* BVTYelpPhoneTableViewCell.m in Sources */,
				644112131E2D345600C3ED18 /* BVTStyles.m in Sources */,
				644112101E2D345600C3ED18 /* BVTExploreViewController.m in Sources */,
				6441120E1E2D345600C3ED18 /* BVTDetailTableViewController.m in Sources */,
				644112161E2D345600C3ED18 /* BVTThumbNailTableViewCell.m in Sources */,
				643B4DC31E2CB2F100951303 /* AppDelegate.m in Sources */,
				644112171E2D345600C3ED18 /* BVTYelpAddressTableViewCell.m in Sources */,
				644112141E2D345600C3ED18 /* BVTSubCategoryTableViewController.m in Sources */,
				64E905EE1E49704000331C3F /* BVTYelpHoursTableViewCell.m in Sources */,
				6441120F1E2D345600C3ED18 /* BVTExploreCollectionViewCell.m in Sources */,
				644112191E2D345600C3ED18 /* BVTYelpMapTableViewCell.m in Sources */,
				6441121D1E2D345600C3ED18 /* BVTPageRootViewController.m in Sources */,
				6441120C1E2D345600C3ED18 /* BVTAboutTableViewController.m in Sources */,
				643B4DAF1E2CB2C300951303 /* main.m in Sources */,
				64908A7C1E494E6100BC6884 /* BVTYelpCategoryTableViewCell.m in Sources */,
				644112151E2D345600C3ED18 /* BVTSurpriseTableViewController.m in Sources */,
				644112121E2D345600C3ED18 /* BVTSplitTableViewCell.m in Sources */,
				6441121B1E2D345600C3ED18 /* BVTYelpRatingTableViewCell.m in Sources */,
			);
			runOnlyForDeploymentPostprocessing = 0;
		***REMOVED***;
/* End PBXSourcesBuildPhase section */

/* Begin PBXVariantGroup section */
		64934CA61E306AD900386B5B /* LaunchScreen.storyboard */ = ***REMOVED***
			isa = PBXVariantGroup;
			children = (
				64934CA71E306AD900386B5B /* Base */,
			);
			name = LaunchScreen.storyboard;
			sourceTree = "<group>";
		***REMOVED***;
		64934CA81E306AD900386B5B /* Main.storyboard */ = ***REMOVED***
			isa = PBXVariantGroup;
			children = (
				64934CA91E306AD900386B5B /* Base */,
			);
			name = Main.storyboard;
			sourceTree = "<group>";
		***REMOVED***;
/* End PBXVariantGroup section */

/* Begin XCBuildConfiguration section */
		64F41D771E2C497F0053EBE2 /* Debug */ = ***REMOVED***
			isa = XCBuildConfiguration;
			buildSettings = ***REMOVED***
				ALWAYS_SEARCH_USER_PATHS = NO;
				CLANG_ANALYZER_NONNULL = YES;
				CLANG_CXX_LANGUAGE_STANDARD = "gnu++0x";
				CLANG_CXX_LIBRARY = "libc++";
				CLANG_ENABLE_MODULES = YES;
				CLANG_ENABLE_OBJC_ARC = YES;
				CLANG_WARN_BOOL_CONVERSION = YES;
				CLANG_WARN_CONSTANT_CONVERSION = YES;
				CLANG_WARN_DIRECT_OBJC_ISA_USAGE = YES_ERROR;
				CLANG_WARN_DOCUMENTATION_COMMENTS = YES;
				CLANG_WARN_EMPTY_BODY = YES;
				CLANG_WARN_ENUM_CONVERSION = YES;
				CLANG_WARN_INFINITE_RECURSION = YES;
				CLANG_WARN_INT_CONVERSION = YES;
				CLANG_WARN_OBJC_ROOT_CLASS = YES_ERROR;
				CLANG_WARN_SUSPICIOUS_MOVE = YES;
				CLANG_WARN_UNREACHABLE_CODE = YES;
				CLANG_WARN__DUPLICATE_METHOD_MATCH = YES;
				"CODE_SIGN_IDENTITY[sdk=iphoneos*]" = "iPhone Developer";
				COPY_PHASE_STRIP = NO;
				DEBUG_INFORMATION_FORMAT = dwarf;
				ENABLE_ON_DEMAND_RESOURCES = YES;
				ENABLE_STRICT_OBJC_MSGSEND = YES;
				ENABLE_TESTABILITY = YES;
				GCC_C_LANGUAGE_STANDARD = gnu99;
				GCC_DYNAMIC_NO_PIC = NO;
				GCC_NO_COMMON_BLOCKS = YES;
				GCC_OPTIMIZATION_LEVEL = 0;
				GCC_PREPROCESSOR_DEFINITIONS = (
					"DEBUG=1",
					"$(inherited)",
				);
				GCC_WARN_64_TO_32_BIT_CONVERSION = YES;
				GCC_WARN_ABOUT_RETURN_TYPE = YES_ERROR;
				GCC_WARN_UNDECLARED_SELECTOR = YES;
				GCC_WARN_UNINITIALIZED_AUTOS = YES_AGGRESSIVE;
				GCC_WARN_UNUSED_FUNCTION = YES;
				GCC_WARN_UNUSED_VARIABLE = YES;
				IPHONEOS_DEPLOYMENT_TARGET = 9.0;
				MTL_ENABLE_DEBUG_INFO = YES;
				ONLY_ACTIVE_ARCH = YES;
				SDKROOT = iphoneos;
				TARGETED_DEVICE_FAMILY = "1,2";
				VALID_ARCHS = "arm64 armv7 armv7s";
			***REMOVED***;
			name = Debug;
		***REMOVED***;
		64F41D781E2C497F0053EBE2 /* Release */ = ***REMOVED***
			isa = XCBuildConfiguration;
			buildSettings = ***REMOVED***
				ALWAYS_SEARCH_USER_PATHS = NO;
				CLANG_ANALYZER_NONNULL = YES;
				CLANG_CXX_LANGUAGE_STANDARD = "gnu++0x";
				CLANG_CXX_LIBRARY = "libc++";
				CLANG_ENABLE_MODULES = YES;
				CLANG_ENABLE_OBJC_ARC = YES;
				CLANG_WARN_BOOL_CONVERSION = YES;
				CLANG_WARN_CONSTANT_CONVERSION = YES;
				CLANG_WARN_DIRECT_OBJC_ISA_USAGE = YES_ERROR;
				CLANG_WARN_DOCUMENTATION_COMMENTS = YES;
				CLANG_WARN_EMPTY_BODY = YES;
				CLANG_WARN_ENUM_CONVERSION = YES;
				CLANG_WARN_INFINITE_RECURSION = YES;
				CLANG_WARN_INT_CONVERSION = YES;
				CLANG_WARN_OBJC_ROOT_CLASS = YES_ERROR;
				CLANG_WARN_SUSPICIOUS_MOVE = YES;
				CLANG_WARN_UNREACHABLE_CODE = YES;
				CLANG_WARN__DUPLICATE_METHOD_MATCH = YES;
				"CODE_SIGN_IDENTITY[sdk=iphoneos*]" = "iPhone Developer";
				COPY_PHASE_STRIP = NO;
				DEBUG_INFORMATION_FORMAT = "dwarf-with-dsym";
				ENABLE_NS_ASSERTIONS = NO;
				ENABLE_ON_DEMAND_RESOURCES = YES;
				ENABLE_STRICT_OBJC_MSGSEND = YES;
				GCC_C_LANGUAGE_STANDARD = gnu99;
				GCC_NO_COMMON_BLOCKS = YES;
				GCC_WARN_64_TO_32_BIT_CONVERSION = YES;
				GCC_WARN_ABOUT_RETURN_TYPE = YES_ERROR;
				GCC_WARN_UNDECLARED_SELECTOR = YES;
				GCC_WARN_UNINITIALIZED_AUTOS = YES_AGGRESSIVE;
				GCC_WARN_UNUSED_FUNCTION = YES;
				GCC_WARN_UNUSED_VARIABLE = YES;
				IPHONEOS_DEPLOYMENT_TARGET = 9.0;
				MTL_ENABLE_DEBUG_INFO = NO;
				SDKROOT = iphoneos;
				TARGETED_DEVICE_FAMILY = "1,2";
				VALIDATE_PRODUCT = YES;
				VALID_ARCHS = "arm64 armv7 armv7s";
			***REMOVED***;
			name = Release;
		***REMOVED***;
		64F41D7A1E2C497F0053EBE2 /* Debug */ = ***REMOVED***
			isa = XCBuildConfiguration;
			baseConfigurationReference = 812CD2D8F0E4D852D7328DA4 /* Pods-bvt.debug.xcconfig */;
			buildSettings = ***REMOVED***
				ASSETCATALOG_COMPILER_APPICON_NAME = AppIcon;
				DEVELOPMENT_TEAM = 58K3LSSQL5;
				FRAMEWORK_SEARCH_PATHS = (
					"$(inherited)",
					"$(PROJECT_DIR)",
				);
				INFOPLIST_FILE = Info.plist;
				LD_RUNPATH_SEARCH_PATHS = "$(inherited) @executable_path/Frameworks";
				PRODUCT_BUNDLE_IDENTIFIER = gms.bvt;
				PRODUCT_NAME = Burlingtonian;
				VALID_ARCHS = "arm64 armv7 armv7s";
			***REMOVED***;
			name = Debug;
		***REMOVED***;
		64F41D7B1E2C497F0053EBE2 /* Release */ = ***REMOVED***
			isa = XCBuildConfiguration;
			baseConfigurationReference = A13E28BFC52912BF5475C256 /* Pods-bvt.release.xcconfig */;
			buildSettings = ***REMOVED***
				ASSETCATALOG_COMPILER_APPICON_NAME = AppIcon;
				DEVELOPMENT_TEAM = 58K3LSSQL5;
				FRAMEWORK_SEARCH_PATHS = (
					"$(inherited)",
					"$(PROJECT_DIR)",
				);
				INFOPLIST_FILE = Info.plist;
				LD_RUNPATH_SEARCH_PATHS = "$(inherited) @executable_path/Frameworks";
				PRODUCT_BUNDLE_IDENTIFIER = gms.bvt;
				PRODUCT_NAME = Burlingtonian;
				VALID_ARCHS = "arm64 armv7 armv7s";
			***REMOVED***;
			name = Release;
		***REMOVED***;
/* End XCBuildConfiguration section */

/* Begin XCConfigurationList section */
		64F41D5A1E2C497F0053EBE2 /* Build configuration list for PBXProject "bvt" */ = ***REMOVED***
			isa = XCConfigurationList;
			buildConfigurations = (
				64F41D771E2C497F0053EBE2 /* Debug */,
				64F41D781E2C497F0053EBE2 /* Release */,
			);
			defaultConfigurationIsVisible = 0;
			defaultConfigurationName = Release;
		***REMOVED***;
		64F41D791E2C497F0053EBE2 /* Build configuration list for PBXNativeTarget "bvt" */ = ***REMOVED***
			isa = XCConfigurationList;
			buildConfigurations = (
				64F41D7A1E2C497F0053EBE2 /* Debug */,
				64F41D7B1E2C497F0053EBE2 /* Release */,
			);
			defaultConfigurationIsVisible = 0;
			defaultConfigurationName = Release;
		***REMOVED***;
/* End XCConfigurationList section */
	***REMOVED***;
	rootObject = 64F41D571E2C497F0053EBE2 /* Project object */;
***REMOVED***
